
Microsoft Visual Studio Solution File, Format Version 12.00
Project("{FAE04EC0-301F-11D3-BF4B-00C04F79EFBC}") = "Abutech.Api", "Abutech.Api\Abutech.Api.csproj", "{B1363728-0BAC-4C4F-8DBA-6A0467035BC5}"
EndProject
Project("{FAE04EC0-301F-11D3-BF4B-00C04F79EFBC}") = "Abutech.Application", "Abutech.Application\Abutech.Application.csproj", "{7117CDB8-A691-4400-8EC6-2B66357BDF7A}"
EndProject
Project("{FAE04EC0-301F-11D3-BF4B-00C04F79EFBC}") = "Abutech.Domain", "Abutech.Domain\Abutech.Domain.csproj", "{4465EDA4-9A57-448F-8689-DB3CA4D8205B}"
EndProject
Project("{FAE04EC0-301F-11D3-BF4B-00C04F79EFBC}") = "Abutech.Infrastructure", "Abutech.Infrastructure\Abutech.Infrastructure.csproj", "{D8268B3E-ABB7-4C5E-9BD3-408559AD74C8}"
EndProject
Global
	GlobalSection(SolutionConfigurationPlatforms) = preSolution
		Debug|Any CPU = Debug|Any CPU
		Release|Any CPU = Release|Any CPU
	EndGlobalSection
	GlobalSection(ProjectConfigurationPlatforms) = postSolution
		{B1363728-0BAC-4C4F-8DBA-6A0467035BC5}.Debug|Any CPU.ActiveCfg = Debug|Any CPU
		{B1363728-0BAC-4C4F-8DBA-6A0467035BC5}.Debug|Any CPU.Build.0 = Debug|Any CPU
		{B1363728-0BAC-4C4F-8DBA-6A0467035BC5}.Release|Any CPU.ActiveCfg = Release|Any CPU
		{B1363728-0BAC-4C4F-8DBA-6A0467035BC5}.Release|Any CPU.Build.0 = Release|Any CPU
		{7117CDB8-A691-4400-8EC6-2B66357BDF7A}.Debug|Any CPU.ActiveCfg = Debug|Any CPU
		{7117CDB8-A691-4400-8EC6-2B66357BDF7A}.Debug|Any CPU.Build.0 = Debug|Any CPU
		{7117CDB8-A691-4400-8EC6-2B66357BDF7A}.Release|Any CPU.ActiveCfg = Release|Any CPU
		{7117CDB8-A691-4400-8EC6-2B66357BDF7A}.Release|Any CPU.Build.0 = Release|Any CPU
		{4465EDA4-9A57-448F-8689-DB3CA4D8205B}.Debug|Any CPU.ActiveCfg = Debug|Any CPU
		{4465EDA4-9A57-448F-8689-DB3CA4D8205B}.Debug|Any CPU.Build.0 = Debug|Any CPU
		{4465EDA4-9A57-448F-8689-DB3CA4D8205B}.Release|Any CPU.ActiveCfg = Release|Any CPU
		{4465EDA4-9A57-448F-8689-DB3CA4D8205B}.Release|Any CPU.Build.0 = Release|Any CPU
		{D8268B3E-ABB7-4C5E-9BD3-408559AD74C8}.Debug|Any CPU.ActiveCfg = Debug|Any CPU
		{D8268B3E-ABB7-4C5E-9BD3-408559AD74C8}.Debug|Any CPU.Build.0 = Debug|Any CPU
		{D8268B3E-ABB7-4C5E-9BD3-408559AD74C8}.Release|Any CPU.ActiveCfg = Release|Any CPU
		{D8268B3E-ABB7-4C5E-9BD3-408559AD74C8}.Release|Any CPU.Build.0 = Release|Any CPU
	EndGlobalSection
EndGlobal
